
Microsoft Visual Studio Solution File, Format Version 12.00
Project("{FAE04EC0-301F-11D3-BF4B-00C04F79EFBC}") = "Mission09_ablack00", "Mission09_ablack00\Mission09_ablack00.csproj", "{99FA6194-3E07-4EDF-BBA4-262E6F225C19}"
EndProject
Global
	GlobalSection(SolutionConfigurationPlatforms) = preSolution
		Debug|Any CPU = Debug|Any CPU
		Release|Any CPU = Release|Any CPU
	EndGlobalSection
	GlobalSection(ProjectConfigurationPlatforms) = postSolution
		{99FA6194-3E07-4EDF-BBA4-262E6F225C19}.Debug|Any CPU.ActiveCfg = Debug|Any CPU
		{99FA6194-3E07-4EDF-BBA4-262E6F225C19}.Debug|Any CPU.Build.0 = Debug|Any CPU
		{99FA6194-3E07-4EDF-BBA4-262E6F225C19}.Release|Any CPU.ActiveCfg = Release|Any CPU
		{99FA6194-3E07-4EDF-BBA4-262E6F225C19}.Release|Any CPU.Build.0 = Release|Any CPU
	EndGlobalSection
EndGlobal
